Microsoft Visual Studio Solution File, Format Version 11.00
# Visual Studio 2008

Project("{8CDD9E58-1A77-FF87-E507-811F73261536}") = "GitFolder", "Assembly-CSharp.csproj", "{A5EEFD4B-30D2-FCEE-FB6E-9AC4D40F3ACE}"
EndProject
Global
	GlobalSection(SolutionConfigurationPlatforms) = preSolution
		Debug|Any CPU = Debug|Any CPU
		Release|Any CPU = Release|Any CPU
	EndGlobalSection
	GlobalSection(ProjectConfigurationPlatforms) = postSolution
		{A5EEFD4B-30D2-FCEE-FB6E-9AC4D40F3ACE}.Debug|Any CPU.ActiveCfg = Debug|Any CPU
		{A5EEFD4B-30D2-FCEE-FB6E-9AC4D40F3ACE}.Debug|Any CPU.Build.0 = Debug|Any CPU
		{A5EEFD4B-30D2-FCEE-FB6E-9AC4D40F3ACE}.Release|Any CPU.ActiveCfg = Release|Any CPU
		{A5EEFD4B-30D2-FCEE-FB6E-9AC4D40F3ACE}.Release|Any CPU.Build.0 = Release|Any CPU
	EndGlobalSection
	GlobalSection(SolutionProperties) = preSolution
		HideSolutionNode = FALSE
	EndGlobalSection
	GlobalSection(MonoDevelopProperties) = preSolution
		StartupItem = Assembly-CSharp.csproj
	EndGlobalSection
EndGlobal
